// !$*UTF8*$!
{
	archiveVersion = 1;
	classes = {
	};
	objectVersion = 50;
	objects = {

/* Begin PBXBuildFile section */
		A91AF8B22A05A845000C89C9 /* XboxEliteSeries2UIModel.swift in Sources */ = {isa = PBXBuildFile; fileRef = A91AF8B12A05A845000C89C9 /* XboxEliteSeries2UIModel.swift */; };
		A91AF8B42A05A948000C89C9 /* DualSenseUIModel.swift in Sources */ = {isa = PBXBuildFile; fileRef = A91AF8B32A05A948000C89C9 /* DualSenseUIModel.swift */; };
		A91AF8B62A05AB8E000C89C9 /* NintendoProUIModel.swift in Sources */ = {isa = PBXBuildFile; fileRef = A91AF8B52A05AB8E000C89C9 /* NintendoProUIModel.swift */; };
		A91AF8B92A05BB45000C89C9 /* XboxEliteController.swift in Sources */ = {isa = PBXBuildFile; fileRef = A91AF8B72A05BB45000C89C9 /* XboxEliteController.swift */; };
		A91AF8BA2A05BB45000C89C9 /* DualSenseController.swift in Sources */ = {isa = PBXBuildFile; fileRef = A91AF8B82A05BB45000C89C9 /* DualSenseController.swift */; };
		A992495F2673A6CB00573097 /* GamePadApp.swift in Sources */ = {isa = PBXBuildFile; fileRef = A992495E2673A6CB00573097 /* GamePadApp.swift */; };
		A99249632673A6CC00573097 /* Assets.xcassets in Resources */ = {isa = PBXBuildFile; fileRef = A99249622673A6CC00573097 /* Assets.xcassets */; };
		A99249662673A6CC00573097 /* Preview Assets.xcassets in Resources */ = {isa = PBXBuildFile; fileRef = A99249652673A6CC00573097 /* Preview Assets.xcassets */; };
		A99249722673A6CC00573097 /* GamePadTests.swift in Sources */ = {isa = PBXBuildFile; fileRef = A99249712673A6CC00573097 /* GamePadTests.swift */; };
		A992497D2673A6CC00573097 /* GamePadUITests.swift in Sources */ = {isa = PBXBuildFile; fileRef = A992497C2673A6CC00573097 /* GamePadUITests.swift */; };
		A99249902673AAED00573097 /* DualShock4UIModel.swift in Sources */ = {isa = PBXBuildFile; fileRef = A992498B2673AAEC00573097 /* DualShock4UIModel.swift */; };
		A99249912673AAED00573097 /* XboxSeriesXSUIModel.swift in Sources */ = {isa = PBXBuildFile; fileRef = A992498C2673AAEC00573097 /* XboxSeriesXSUIModel.swift */; };
		A99249922673AAED00573097 /* ContentView.swift in Sources */ = {isa = PBXBuildFile; fileRef = A992498D2673AAEC00573097 /* ContentView.swift */; };
		A99249932673AAED00573097 /* Coords2d.swift in Sources */ = {isa = PBXBuildFile; fileRef = A992498E2673AAEC00573097 /* Coords2d.swift */; };
		A99249942673AAED00573097 /* JoyConUIModel.swift in Sources */ = {isa = PBXBuildFile; fileRef = A992498F2673AAEC00573097 /* JoyConUIModel.swift */; };
		A99249AB2673AB0E00573097 /* GamepadIMUChangedNotification.swift in Sources */ = {isa = PBXBuildFile; fileRef = A99249952673AB0E00573097 /* GamepadIMUChangedNotification.swift */; };
		A99249AC2673AB0E00573097 /* DualShock4Direction.swift in Sources */ = {isa = PBXBuildFile; fileRef = A99249962673AB0E00573097 /* DualShock4Direction.swift */; };
		A99249AD2673AB0E00573097 /* DualShock4TouchpadChangedNotification.swift in Sources */ = {isa = PBXBuildFile; fileRef = A99249972673AB0E00573097 /* DualShock4TouchpadChangedNotification.swift */; };
		A99249AE2673AB0E00573097 /* GamepadButtonChangedNotification.swift in Sources */ = {isa = PBXBuildFile; fileRef = A99249982673AB0E00573097 /* GamepadButtonChangedNotification.swift */; };
		A99249AF2673AB0E00573097 /* GamepadHIDMonitor.swift in Sources */ = {isa = PBXBuildFile; fileRef = A99249992673AB0E00573097 /* GamepadHIDMonitor.swift */; };
		A99249B02673AB0E00573097 /* Xbox360LedPattern.swift in Sources */ = {isa = PBXBuildFile; fileRef = A992499A2673AB0E00573097 /* Xbox360LedPattern.swift */; };
		A99249B12673AB0E00573097 /* JoyConChangeRumbleNotification.swift in Sources */ = {isa = PBXBuildFile; fileRef = A992499B2673AB0E00573097 /* JoyConChangeRumbleNotification.swift */; };
		A99249B22673AB0E00573097 /* DualShock4ChangeLedNotification.swift in Sources */ = {isa = PBXBuildFile; fileRef = A992499C2673AB0E00573097 /* DualShock4ChangeLedNotification.swift */; };
		A99249B32673AB0E00573097 /* DualShock4ChangeRumbleNotification.swift in Sources */ = {isa = PBXBuildFile; fileRef = A992499D2673AB0E00573097 /* DualShock4ChangeRumbleNotification.swift */; };
		A99249B42673AB0E00573097 /* CRC32.swift in Sources */ = {isa = PBXBuildFile; fileRef = A992499E2673AB0E00573097 /* CRC32.swift */; };
		A99249B52673AB0E00573097 /* JoyConDirection.swift in Sources */ = {isa = PBXBuildFile; fileRef = A992499F2673AB0E00573097 /* JoyConDirection.swift */; };
		A99249B62673AB0E00573097 /* Xbox360ChangeLedNotification.swift in Sources */ = {isa = PBXBuildFile; fileRef = A99249A02673AB0E00573097 /* Xbox360ChangeLedNotification.swift */; };
		A99249B72673AB0E00573097 /* Xbox360ChangeRumbleNotification.swift in Sources */ = {isa = PBXBuildFile; fileRef = A99249A12673AB0E00573097 /* Xbox360ChangeRumbleNotification.swift */; };
		A99249B82673AB0E00573097 /* XboxOneChangeRumbleNotification.swift in Sources */ = {isa = PBXBuildFile; fileRef = A99249A22673AB0E00573097 /* XboxOneChangeRumbleNotification.swift */; };
		A99249B92673AB0E00573097 /* GamepadBatteryChangedNotification.swift in Sources */ = {isa = PBXBuildFile; fileRef = A99249A32673AB0E00573097 /* GamepadBatteryChangedNotification.swift */; };
		A99249BA2673AB0E00573097 /* GamepadAnalogChangedNotification.swift in Sources */ = {isa = PBXBuildFile; fileRef = A99249A42673AB0E00573097 /* GamepadAnalogChangedNotification.swift */; };
		A99249BB2673AB0E00573097 /* XboxOneController.swift in Sources */ = {isa = PBXBuildFile; fileRef = A99249A52673AB0E00573097 /* XboxOneController.swift */; };
		A99249BC2673AB0E00573097 /* XboxOneDirection.swift in Sources */ = {isa = PBXBuildFile; fileRef = A99249A62673AB0E00573097 /* XboxOneDirection.swift */; };
		A99249BD2673AB0E00573097 /* JoyConChangeLedNotification.swift in Sources */ = {isa = PBXBuildFile; fileRef = A99249A72673AB0E00573097 /* JoyConChangeLedNotification.swift */; };
		A99249BE2673AB0E00573097 /* DualShock4Controller.swift in Sources */ = {isa = PBXBuildFile; fileRef = A99249A82673AB0E00573097 /* DualShock4Controller.swift */; };
		A99249BF2673AB0E00573097 /* Xbox360Controller.swift in Sources */ = {isa = PBXBuildFile; fileRef = A99249A92673AB0E00573097 /* Xbox360Controller.swift */; };
		A99249C02673AB0E00573097 /* JoyConController.swift in Sources */ = {isa = PBXBuildFile; fileRef = A99249AA2673AB0E00573097 /* JoyConController.swift */; };
		A99249C32673AD1200573097 /* IOKit.framework in Frameworks */ = {isa = PBXBuildFile; fileRef = A99249C22673AD1200573097 /* IOKit.framework */; };
		A99249C52673AD2100573097 /* GameController.framework in Frameworks */ = {isa = PBXBuildFile; fileRef = A99249C42673AD2100573097 /* GameController.framework */; };
		A99249C72673AD3A00573097 /* libz.tbd in Frameworks */ = {isa = PBXBuildFile; fileRef = A99249C62673AD2E00573097 /* libz.tbd */; };
/* End PBXBuildFile section */

/* Begin PBXContainerItemProxy section */
		A992496E2673A6CC00573097 /* PBXContainerItemProxy */ = {
			isa = PBXContainerItemProxy;
			containerPortal = A99249532673A6CA00573097 /* Project object */;
			proxyType = 1;
			remoteGlobalIDString = A992495A2673A6CB00573097;
			remoteInfo = GamePad;
		};
		A99249792673A6CC00573097 /* PBXContainerItemProxy */ = {
			isa = PBXContainerItemProxy;
			containerPortal = A99249532673A6CA00573097 /* Project object */;
			proxyType = 1;
			remoteGlobalIDString = A992495A2673A6CB00573097;
			remoteInfo = GamePad;
		};
/* End PBXContainerItemProxy section */

/* Begin PBXFileReference section */
		A91AF8B12A05A845000C89C9 /* XboxEliteSeries2UIModel.swift */ = {isa = PBXFileReference; fileEncoding = 4; lastKnownFileType = sourcecode.swift; path = XboxEliteSeries2UIModel.swift; sourceTree = "<group>"; };
		A91AF8B32A05A948000C89C9 /* DualSenseUIModel.swift */ = {isa = PBXFileReference; fileEncoding = 4; lastKnownFileType = sourcecode.swift; path = DualSenseUIModel.swift; sourceTree = "<group>"; };
		A91AF8B52A05AB8E000C89C9 /* NintendoProUIModel.swift */ = {isa = PBXFileReference; fileEncoding = 4; lastKnownFileType = sourcecode.swift; path = NintendoProUIModel.swift; sourceTree = "<group>"; };
		A91AF8B72A05BB45000C89C9 /* XboxEliteController.swift */ = {isa = PBXFileReference; fileEncoding = 4; lastKnownFileType = sourcecode.swift; path = XboxEliteController.swift; sourceTree = "<group>"; };
		A91AF8B82A05BB45000C89C9 /* DualSenseController.swift */ = {isa = PBXFileReference; fileEncoding = 4; lastKnownFileType = sourcecode.swift; path = DualSenseController.swift; sourceTree = "<group>"; };
		A992495B2673A6CB00573097 /* GamePad.app */ = {isa = PBXFileReference; explicitFileType = wrapper.application; includeInIndex = 0; path = GamePad.app; sourceTree = BUILT_PRODUCTS_DIR; };
		A992495E2673A6CB00573097 /* GamePadApp.swift */ = {isa = PBXFileReference; lastKnownFileType = sourcecode.swift; path = GamePadApp.swift; sourceTree = "<group>"; };
		A99249622673A6CC00573097 /* Assets.xcassets */ = {isa = PBXFileReference; lastKnownFileType = folder.assetcatalog; path = Assets.xcassets; sourceTree = "<group>"; };
		A99249652673A6CC00573097 /* Preview Assets.xcassets */ = {isa = PBXFileReference; lastKnownFileType = folder.assetcatalog; path = "Preview Assets.xcassets"; sourceTree = "<group>"; };
		A99249672673A6CC00573097 /* Info.plist */ = {isa = PBXFileReference; lastKnownFileType = text.plist.xml; path = Info.plist; sourceTree = "<group>"; };
		A99249682673A6CC00573097 /* GamePad.entitlements */ = {isa = PBXFileReference; lastKnownFileType = text.plist.entitlements; path = GamePad.entitlements; sourceTree = "<group>"; };
		A992496D2673A6CC00573097 /* GamePadTests.xctest */ = {isa = PBXFileReference; explicitFileType = wrapper.cfbundle; includeInIndex = 0; path = GamePadTests.xctest; sourceTree = BUILT_PRODUCTS_DIR; };
		A99249712673A6CC00573097 /* GamePadTests.swift */ = {isa = PBXFileReference; lastKnownFileType = sourcecode.swift; path = GamePadTests.swift; sourceTree = "<group>"; };
		A99249732673A6CC00573097 /* Info.plist */ = {isa = PBXFileReference; lastKnownFileType = text.plist.xml; path = Info.plist; sourceTree = "<group>"; };
		A99249782673A6CC00573097 /* GamePadUITests.xctest */ = {isa = PBXFileReference; explicitFileType = wrapper.cfbundle; includeInIndex = 0; path = GamePadUITests.xctest; sourceTree = BUILT_PRODUCTS_DIR; };
		A992497C2673A6CC00573097 /* GamePadUITests.swift */ = {isa = PBXFileReference; lastKnownFileType = sourcecode.swift; path = GamePadUITests.swift; sourceTree = "<group>"; };
		A992497E2673A6CC00573097 /* Info.plist */ = {isa = PBXFileReference; lastKnownFileType = text.plist.xml; path = Info.plist; sourceTree = "<group>"; };
		A992498B2673AAEC00573097 /* DualShock4UIModel.swift */ = {isa = PBXFileReference; fileEncoding = 4; lastKnownFileType = sourcecode.swift; path = DualShock4UIModel.swift; sourceTree = "<group>"; };
		A992498C2673AAEC00573097 /* XboxSeriesXSUIModel.swift */ = {isa = PBXFileReference; fileEncoding = 4; lastKnownFileType = sourcecode.swift; path = XboxSeriesXSUIModel.swift; sourceTree = "<group>"; };
		A992498D2673AAEC00573097 /* ContentView.swift */ = {isa = PBXFileReference; fileEncoding = 4; lastKnownFileType = sourcecode.swift; path = ContentView.swift; sourceTree = "<group>"; };
		A992498E2673AAEC00573097 /* Coords2d.swift */ = {isa = PBXFileReference; fileEncoding = 4; lastKnownFileType = sourcecode.swift; path = Coords2d.swift; sourceTree = "<group>"; };
		A992498F2673AAEC00573097 /* JoyConUIModel.swift */ = {isa = PBXFileReference; fileEncoding = 4; lastKnownFileType = sourcecode.swift; path = JoyConUIModel.swift; sourceTree = "<group>"; };
		A99249952673AB0E00573097 /* GamepadIMUChangedNotification.swift */ = {isa = PBXFileReference; fileEncoding = 4; lastKnownFileType = sourcecode.swift; path = GamepadIMUChangedNotification.swift; sourceTree = "<group>"; };
		A99249962673AB0E00573097 /* DualShock4Direction.swift */ = {isa = PBXFileReference; fileEncoding = 4; lastKnownFileType = sourcecode.swift; path = DualShock4Direction.swift; sourceTree = "<group>"; };
		A99249972673AB0E00573097 /* DualShock4TouchpadChangedNotification.swift */ = {isa = PBXFileReference; fileEncoding = 4; lastKnownFileType = sourcecode.swift; path = DualShock4TouchpadChangedNotification.swift; sourceTree = "<group>"; };
		A99249982673AB0E00573097 /* GamepadButtonChangedNotification.swift */ = {isa = PBXFileReference; fileEncoding = 4; lastKnownFileType = sourcecode.swift; path = GamepadButtonChangedNotification.swift; sourceTree = "<group>"; };
		A99249992673AB0E00573097 /* GamepadHIDMonitor.swift */ = {isa = PBXFileReference; fileEncoding = 4; lastKnownFileType = sourcecode.swift; path = GamepadHIDMonitor.swift; sourceTree = "<group>"; };
		A992499A2673AB0E00573097 /* Xbox360LedPattern.swift */ = {isa = PBXFileReference; fileEncoding = 4; lastKnownFileType = sourcecode.swift; path = Xbox360LedPattern.swift; sourceTree = "<group>"; };
		A992499B2673AB0E00573097 /* JoyConChangeRumbleNotification.swift */ = {isa = PBXFileReference; fileEncoding = 4; lastKnownFileType = sourcecode.swift; path = JoyConChangeRumbleNotification.swift; sourceTree = "<group>"; };
		A992499C2673AB0E00573097 /* DualShock4ChangeLedNotification.swift */ = {isa = PBXFileReference; fileEncoding = 4; lastKnownFileType = sourcecode.swift; path = DualShock4ChangeLedNotification.swift; sourceTree = "<group>"; };
		A992499D2673AB0E00573097 /* DualShock4ChangeRumbleNotification.swift */ = {isa = PBXFileReference; fileEncoding = 4; lastKnownFileType = sourcecode.swift; path = DualShock4ChangeRumbleNotification.swift; sourceTree = "<group>"; };
		A992499E2673AB0E00573097 /* CRC32.swift */ = {isa = PBXFileReference; fileEncoding = 4; lastKnownFileType = sourcecode.swift; path = CRC32.swift; sourceTree = "<group>"; };
		A992499F2673AB0E00573097 /* JoyConDirection.swift */ = {isa = PBXFileReference; fileEncoding = 4; lastKnownFileType = sourcecode.swift; path = JoyConDirection.swift; sourceTree = "<group>"; };
		A99249A02673AB0E00573097 /* Xbox360ChangeLedNotification.swift */ = {isa = PBXFileReference; fileEncoding = 4; lastKnownFileType = sourcecode.swift; path = Xbox360ChangeLedNotification.swift; sourceTree = "<group>"; };
		A99249A12673AB0E00573097 /* Xbox360ChangeRumbleNotification.swift */ = {isa = PBXFileReference; fileEncoding = 4; lastKnownFileType = sourcecode.swift; path = Xbox360ChangeRumbleNotification.swift; sourceTree = "<group>"; };
		A99249A22673AB0E00573097 /* XboxOneChangeRumbleNotification.swift */ = {isa = PBXFileReference; fileEncoding = 4; lastKnownFileType = sourcecode.swift; path = XboxOneChangeRumbleNotification.swift; sourceTree = "<group>"; };
		A99249A32673AB0E00573097 /* GamepadBatteryChangedNotification.swift */ = {isa = PBXFileReference; fileEncoding = 4; lastKnownFileType = sourcecode.swift; path = GamepadBatteryChangedNotification.swift; sourceTree = "<group>"; };
		A99249A42673AB0E00573097 /* GamepadAnalogChangedNotification.swift */ = {isa = PBXFileReference; fileEncoding = 4; lastKnownFileType = sourcecode.swift; path = GamepadAnalogChangedNotification.swift; sourceTree = "<group>"; };
		A99249A52673AB0E00573097 /* XboxOneController.swift */ = {isa = PBXFileReference; fileEncoding = 4; lastKnownFileType = sourcecode.swift; path = XboxOneController.swift; sourceTree = "<group>"; };
		A99249A62673AB0E00573097 /* XboxOneDirection.swift */ = {isa = PBXFileReference; fileEncoding = 4; lastKnownFileType = sourcecode.swift; path = XboxOneDirection.swift; sourceTree = "<group>"; };
		A99249A72673AB0E00573097 /* JoyConChangeLedNotification.swift */ = {isa = PBXFileReference; fileEncoding = 4; lastKnownFileType = sourcecode.swift; path = JoyConChangeLedNotification.swift; sourceTree = "<group>"; };
		A99249A82673AB0E00573097 /* DualShock4Controller.swift */ = {isa = PBXFileReference; fileEncoding = 4; lastKnownFileType = sourcecode.swift; path = DualShock4Controller.swift; sourceTree = "<group>"; };
		A99249A92673AB0E00573097 /* Xbox360Controller.swift */ = {isa = PBXFileReference; fileEncoding = 4; lastKnownFileType = sourcecode.swift; path = Xbox360Controller.swift; sourceTree = "<group>"; };
		A99249AA2673AB0E00573097 /* JoyConController.swift */ = {isa = PBXFileReference; fileEncoding = 4; lastKnownFileType = sourcecode.swift; path = JoyConController.swift; sourceTree = "<group>"; };
		A99249C22673AD1200573097 /* IOKit.framework */ = {isa = PBXFileReference; lastKnownFileType = wrapper.framework; name = IOKit.framework; path = System/Library/Frameworks/IOKit.framework; sourceTree = SDKROOT; };
		A99249C42673AD2100573097 /* GameController.framework */ = {isa = PBXFileReference; lastKnownFileType = wrapper.framework; name = GameController.framework; path = System/Library/Frameworks/GameController.framework; sourceTree = SDKROOT; };
		A99249C62673AD2E00573097 /* libz.tbd */ = {isa = PBXFileReference; lastKnownFileType = "sourcecode.text-based-dylib-definition"; name = libz.tbd; path = usr/lib/libz.tbd; sourceTree = SDKROOT; };
/* End PBXFileReference section */

/* Begin PBXFrameworksBuildPhase section */
		A99249582673A6CB00573097 /* Frameworks */ = {
			isa = PBXFrameworksBuildPhase;
			buildActionMask = 2147483647;
			files = (
				A99249C52673AD2100573097 /* GameController.framework in Frameworks */,
				A99249C72673AD3A00573097 /* libz.tbd in Frameworks */,
				A99249C32673AD1200573097 /* IOKit.framework in Frameworks */,
			);
			runOnlyForDeploymentPostprocessing = 0;
		};
		A992496A2673A6CC00573097 /* Frameworks */ = {
			isa = PBXFrameworksBuildPhase;
			buildActionMask = 2147483647;
			files = (
			);
			runOnlyForDeploymentPostprocessing = 0;
		};
		A99249752673A6CC00573097 /* Frameworks */ = {
			isa = PBXFrameworksBuildPhase;
			buildActionMask = 2147483647;
			files = (
			);
			runOnlyForDeploymentPostprocessing = 0;
		};
/* End PBXFrameworksBuildPhase section */

/* Begin PBXGroup section */
		A99249522673A6CA00573097 = {
			isa = PBXGroup;
			children = (
				A992495D2673A6CB00573097 /* GamePad */,
				A99249702673A6CC00573097 /* GamePadTests */,
				A992497B2673A6CC00573097 /* GamePadUITests */,
				A992495C2673A6CB00573097 /* Products */,
				A99249C12673AD1200573097 /* Frameworks */,
			);
			sourceTree = "<group>";
		};
		A992495C2673A6CB00573097 /* Products */ = {
			isa = PBXGroup;
			children = (
				A992495B2673A6CB00573097 /* GamePad.app */,
				A992496D2673A6CC00573097 /* GamePadTests.xctest */,
				A99249782673A6CC00573097 /* GamePadUITests.xctest */,
			);
			name = Products;
			sourceTree = "<group>";
		};
		A992495D2673A6CB00573097 /* GamePad */ = {
			isa = PBXGroup;
			children = (
				A99249C82673C3C400573097 /* Notifications */,
				A992498A2673AA9300573097 /* UI */,
				A992499E2673AB0E00573097 /* CRC32.swift */,
				A91AF8B82A05BB45000C89C9 /* DualSenseController.swift */,
				A99249A82673AB0E00573097 /* DualShock4Controller.swift */,
				A99249962673AB0E00573097 /* DualShock4Direction.swift */,
				A99249992673AB0E00573097 /* GamepadHIDMonitor.swift */,
				A99249AA2673AB0E00573097 /* JoyConController.swift */,
				A992499F2673AB0E00573097 /* JoyConDirection.swift */,
				A99249A92673AB0E00573097 /* Xbox360Controller.swift */,
				A992499A2673AB0E00573097 /* Xbox360LedPattern.swift */,
				A91AF8B72A05BB45000C89C9 /* XboxEliteController.swift */,
				A99249A52673AB0E00573097 /* XboxOneController.swift */,
				A99249A62673AB0E00573097 /* XboxOneDirection.swift */,
				A99249622673A6CC00573097 /* Assets.xcassets */,
				A99249672673A6CC00573097 /* Info.plist */,
				A99249682673A6CC00573097 /* GamePad.entitlements */,
				A99249642673A6CC00573097 /* Preview Content */,
			);
			path = GamePad;
			sourceTree = "<group>";
		};
		A99249642673A6CC00573097 /* Preview Content */ = {
			isa = PBXGroup;
			children = (
				A99249652673A6CC00573097 /* Preview Assets.xcassets */,
			);
			path = "Preview Content";
			sourceTree = "<group>";
		};
		A99249702673A6CC00573097 /* GamePadTests */ = {
			isa = PBXGroup;
			children = (
				A99249712673A6CC00573097 /* GamePadTests.swift */,
				A99249732673A6CC00573097 /* Info.plist */,
			);
			path = GamePadTests;
			sourceTree = "<group>";
		};
		A992497B2673A6CC00573097 /* GamePadUITests */ = {
			isa = PBXGroup;
			children = (
				A992497C2673A6CC00573097 /* GamePadUITests.swift */,
				A992497E2673A6CC00573097 /* Info.plist */,
			);
			path = GamePadUITests;
			sourceTree = "<group>";
		};
		A992498A2673AA9300573097 /* UI */ = {
			isa = PBXGroup;
			children = (
				A992498D2673AAEC00573097 /* ContentView.swift */,
				A992498E2673AAEC00573097 /* Coords2d.swift */,
				A91AF8B32A05A948000C89C9 /* DualSenseUIModel.swift */,
				A992498B2673AAEC00573097 /* DualShock4UIModel.swift */,
				A992495E2673A6CB00573097 /* GamePadApp.swift */,
				A91AF8B52A05AB8E000C89C9 /* NintendoProUIModel.swift */,
				A992498F2673AAEC00573097 /* JoyConUIModel.swift */,
				A91AF8B12A05A845000C89C9 /* XboxEliteSeries2UIModel.swift */,
				A992498C2673AAEC00573097 /* XboxSeriesXSUIModel.swift */,
			);
			path = UI;
			sourceTree = "<group>";
		};
		A99249C12673AD1200573097 /* Frameworks */ = {
			isa = PBXGroup;
			children = (
				A99249C62673AD2E00573097 /* libz.tbd */,
				A99249C42673AD2100573097 /* GameController.framework */,
				A99249C22673AD1200573097 /* IOKit.framework */,
			);
			name = Frameworks;
			sourceTree = "<group>";
		};
		A99249C82673C3C400573097 /* Notifications */ = {
			isa = PBXGroup;
			children = (
				A992499C2673AB0E00573097 /* DualShock4ChangeLedNotification.swift */,
				A992499D2673AB0E00573097 /* DualShock4ChangeRumbleNotification.swift */,
				A99249972673AB0E00573097 /* DualShock4TouchpadChangedNotification.swift */,
				A99249A42673AB0E00573097 /* GamepadAnalogChangedNotification.swift */,
				A99249A32673AB0E00573097 /* GamepadBatteryChangedNotification.swift */,
				A99249982673AB0E00573097 /* GamepadButtonChangedNotification.swift */,
				A99249952673AB0E00573097 /* GamepadIMUChangedNotification.swift */,
				A99249A72673AB0E00573097 /* JoyConChangeLedNotification.swift */,
				A992499B2673AB0E00573097 /* JoyConChangeRumbleNotification.swift */,
				A99249A02673AB0E00573097 /* Xbox360ChangeLedNotification.swift */,
				A99249A12673AB0E00573097 /* Xbox360ChangeRumbleNotification.swift */,
				A99249A22673AB0E00573097 /* XboxOneChangeRumbleNotification.swift */,
			);
			path = Notifications;
			sourceTree = "<group>";
		};
/* End PBXGroup section */

/* Begin PBXNativeTarget section */
		A992495A2673A6CB00573097 /* GamePad */ = {
			isa = PBXNativeTarget;
			buildConfigurationList = A99249812673A6CC00573097 /* Build configuration list for PBXNativeTarget "GamePad" */;
			buildPhases = (
				A99249572673A6CB00573097 /* Sources */,
				A99249582673A6CB00573097 /* Frameworks */,
				A99249592673A6CB00573097 /* Resources */,
			);
			buildRules = (
			);
			dependencies = (
			);
			name = GamePad;
			productName = GamePad;
			productReference = A992495B2673A6CB00573097 /* GamePad.app */;
			productType = "com.apple.product-type.application";
		};
		A992496C2673A6CC00573097 /* GamePadTests */ = {
			isa = PBXNativeTarget;
			buildConfigurationList = A99249842673A6CC00573097 /* Build configuration list for PBXNativeTarget "GamePadTests" */;
			buildPhases = (
				A99249692673A6CC00573097 /* Sources */,
				A992496A2673A6CC00573097 /* Frameworks */,
				A992496B2673A6CC00573097 /* Resources */,
			);
			buildRules = (
			);
			dependencies = (
				A992496F2673A6CC00573097 /* PBXTargetDependency */,
			);
			name = GamePadTests;
			productName = GamePadTests;
			productReference = A992496D2673A6CC00573097 /* GamePadTests.xctest */;
			productType = "com.apple.product-type.bundle.unit-test";
		};
		A99249772673A6CC00573097 /* GamePadUITests */ = {
			isa = PBXNativeTarget;
			buildConfigurationList = A99249872673A6CC00573097 /* Build configuration list for PBXNativeTarget "GamePadUITests" */;
			buildPhases = (
				A99249742673A6CC00573097 /* Sources */,
				A99249752673A6CC00573097 /* Frameworks */,
				A99249762673A6CC00573097 /* Resources */,
			);
			buildRules = (
			);
			dependencies = (
				A992497A2673A6CC00573097 /* PBXTargetDependency */,
			);
			name = GamePadUITests;
			productName = GamePadUITests;
			productReference = A99249782673A6CC00573097 /* GamePadUITests.xctest */;
			productType = "com.apple.product-type.bundle.ui-testing";
		};
/* End PBXNativeTarget section */

/* Begin PBXProject section */
		A99249532673A6CA00573097 /* Project object */ = {
			isa = PBXProject;
			attributes = {
				LastSwiftUpdateCheck = 1250;
				LastUpgradeCheck = 1250;
				TargetAttributes = {
					A992495A2673A6CB00573097 = {
						CreatedOnToolsVersion = 12.5;
					};
					A992496C2673A6CC00573097 = {
						CreatedOnToolsVersion = 12.5;
						TestTargetID = A992495A2673A6CB00573097;
					};
					A99249772673A6CC00573097 = {
						CreatedOnToolsVersion = 12.5;
						TestTargetID = A992495A2673A6CB00573097;
					};
				};
			};
			buildConfigurationList = A99249562673A6CA00573097 /* Build configuration list for PBXProject "GamePad" */;
			compatibilityVersion = "Xcode 9.3";
			developmentRegion = en;
			hasScannedForEncodings = 0;
			knownRegions = (
				en,
				Base,
			);
			mainGroup = A99249522673A6CA00573097;
			productRefGroup = A992495C2673A6CB00573097 /* Products */;
			projectDirPath = "";
			projectRoot = "";
			targets = (
				A992495A2673A6CB00573097 /* GamePad */,
				A992496C2673A6CC00573097 /* GamePadTests */,
				A99249772673A6CC00573097 /* GamePadUITests */,
			);
		};
/* End PBXProject section */

/* Begin PBXResourcesBuildPhase section */
		A99249592673A6CB00573097 /* Resources */ = {
			isa = PBXResourcesBuildPhase;
			buildActionMask = 2147483647;
			files = (
				A99249662673A6CC00573097 /* Preview Assets.xcassets in Resources */,
				A99249632673A6CC00573097 /* Assets.xcassets in Resources */,
			);
			runOnlyForDeploymentPostprocessing = 0;
		};
		A992496B2673A6CC00573097 /* Resources */ = {
			isa = PBXResourcesBuildPhase;
			buildActionMask = 2147483647;
			files = (
			);
			runOnlyForDeploymentPostprocessing = 0;
		};
		A99249762673A6CC00573097 /* Resources */ = {
			isa = PBXResourcesBuildPhase;
			buildActionMask = 2147483647;
			files = (
			);
			runOnlyForDeploymentPostprocessing = 0;
		};
/* End PBXResourcesBuildPhase section */

/* Begin PBXSourcesBuildPhase section */
		A99249572673A6CB00573097 /* Sources */ = {
			isa = PBXSourcesBuildPhase;
			buildActionMask = 2147483647;
			files = (
				A99249B62673AB0E00573097 /* Xbox360ChangeLedNotification.swift in Sources */,
				A99249BB2673AB0E00573097 /* XboxOneController.swift in Sources */,
				A91AF8B62A05AB8E000C89C9 /* NintendoProUIModel.swift in Sources */,
				A99249B02673AB0E00573097 /* Xbox360LedPattern.swift in Sources */,
				A99249B52673AB0E00573097 /* JoyConDirection.swift in Sources */,
				A99249B42673AB0E00573097 /* CRC32.swift in Sources */,
				A99249AC2673AB0E00573097 /* DualShock4Direction.swift in Sources */,
				A99249B92673AB0E00573097 /* GamepadBatteryChangedNotification.swift in Sources */,
				A99249B22673AB0E00573097 /* DualShock4ChangeLedNotification.swift in Sources */,
				A91AF8B22A05A845000C89C9 /* XboxEliteSeries2UIModel.swift in Sources */,
				A99249B82673AB0E00573097 /* XboxOneChangeRumbleNotification.swift in Sources */,
				A99249BC2673AB0E00573097 /* XboxOneDirection.swift in Sources */,
				A91AF8B92A05BB45000C89C9 /* XboxEliteController.swift in Sources */,
				A99249B72673AB0E00573097 /* Xbox360ChangeRumbleNotification.swift in Sources */,
				A99249902673AAED00573097 /* DualShock4UIModel.swift in Sources */,
				A99249BD2673AB0E00573097 /* JoyConChangeLedNotification.swift in Sources */,
				A99249BE2673AB0E00573097 /* DualShock4Controller.swift in Sources */,
				A99249C02673AB0E00573097 /* JoyConController.swift in Sources */,
				A99249B12673AB0E00573097 /* JoyConChangeRumbleNotification.swift in Sources */,
				A99249AB2673AB0E00573097 /* GamepadIMUChangedNotification.swift in Sources */,
				A99249BF2673AB0E00573097 /* Xbox360Controller.swift in Sources */,
				A91AF8BA2A05BB45000C89C9 /* DualSenseController.swift in Sources */,
				A99249922673AAED00573097 /* ContentView.swift in Sources */,
				A91AF8B42A05A948000C89C9 /* DualSenseUIModel.swift in Sources */,
				A99249BA2673AB0E00573097 /* GamepadAnalogChangedNotification.swift in Sources */,
				A99249AD2673AB0E00573097 /* DualShock4TouchpadChangedNotification.swift in Sources */,
				A99249B32673AB0E00573097 /* DualShock4ChangeRumbleNotification.swift in Sources */,
				A99249AE2673AB0E00573097 /* GamepadButtonChangedNotification.swift in Sources */,
				A99249942673AAED00573097 /* JoyConUIModel.swift in Sources */,
				A99249912673AAED00573097 /* XboxSeriesXSUIModel.swift in Sources */,
				A992495F2673A6CB00573097 /* GamePadApp.swift in Sources */,
				A99249AF2673AB0E00573097 /* GamepadHIDMonitor.swift in Sources */,
				A99249932673AAED00573097 /* Coords2d.swift in Sources */,
			);
			runOnlyForDeploymentPostprocessing = 0;
		};
		A99249692673A6CC00573097 /* Sources */ = {
			isa = PBXSourcesBuildPhase;
			buildActionMask = 2147483647;
			files = (
				A99249722673A6CC00573097 /* GamePadTests.swift in Sources */,
			);
			runOnlyForDeploymentPostprocessing = 0;
		};
		A99249742673A6CC00573097 /* Sources */ = {
			isa = PBXSourcesBuildPhase;
			buildActionMask = 2147483647;
			files = (
				A992497D2673A6CC00573097 /* GamePadUITests.swift in Sources */,
			);
			runOnlyForDeploymentPostprocessing = 0;
		};
/* End PBXSourcesBuildPhase section */

/* Begin PBXTargetDependency section */
		A992496F2673A6CC00573097 /* PBXTargetDependency */ = {
			isa = PBXTargetDependency;
			target = A992495A2673A6CB00573097 /* GamePad */;
			targetProxy = A992496E2673A6CC00573097 /* PBXContainerItemProxy */;
		};
		A992497A2673A6CC00573097 /* PBXTargetDependency */ = {
			isa = PBXTargetDependency;
			target = A992495A2673A6CB00573097 /* GamePad */;
			targetProxy = A99249792673A6CC00573097 /* PBXContainerItemProxy */;
		};
/* End PBXTargetDependency section */

/* Begin XCBuildConfiguration section */
		A992497F2673A6CC00573097 /* Debug */ = {
			isa = XCBuildConfiguration;
			buildSettings = {
				ALWAYS_SEARCH_USER_PATHS = NO;
				CLANG_ANALYZER_NONNULL = YES;
				CLANG_ANALYZER_NUMBER_OBJECT_CONVERSION = YES_AGGRESSIVE;
				CLANG_CXX_LANGUAGE_STANDARD = "gnu++14";
				CLANG_CXX_LIBRARY = "libc++";
				CLANG_ENABLE_MODULES = YES;
				CLANG_ENABLE_OBJC_ARC = YES;
				CLANG_ENABLE_OBJC_WEAK = YES;
				CLANG_WARN_BLOCK_CAPTURE_AUTORELEASING = YES;
				CLANG_WARN_BOOL_CONVERSION = YES;
				CLANG_WARN_COMMA = YES;
				CLANG_WARN_CONSTANT_CONVERSION = YES;
				CLANG_WARN_DEPRECATED_OBJC_IMPLEMENTATIONS = YES;
				CLANG_WARN_DIRECT_OBJC_ISA_USAGE = YES_ERROR;
				CLANG_WARN_DOCUMENTATION_COMMENTS = YES;
				CLANG_WARN_EMPTY_BODY = YES;
				CLANG_WARN_ENUM_CONVERSION = YES;
				CLANG_WARN_INFINITE_RECURSION = YES;
				CLANG_WARN_INT_CONVERSION = YES;
				CLANG_WARN_NON_LITERAL_NULL_CONVERSION = YES;
				CLANG_WARN_OBJC_IMPLICIT_RETAIN_SELF = YES;
				CLANG_WARN_OBJC_LITERAL_CONVERSION = YES;
				CLANG_WARN_OBJC_ROOT_CLASS = YES_ERROR;
				CLANG_WARN_QUOTED_INCLUDE_IN_FRAMEWORK_HEADER = YES;
				CLANG_WARN_RANGE_LOOP_ANALYSIS = YES;
				CLANG_WARN_STRICT_PROTOTYPES = YES;
				CLANG_WARN_SUSPICIOUS_MOVE = YES;
				CLANG_WARN_UNGUARDED_AVAILABILITY = YES_AGGRESSIVE;
				CLANG_WARN_UNREACHABLE_CODE = YES;
				CLANG_WARN__DUPLICATE_METHOD_MATCH = YES;
				COPY_PHASE_STRIP = NO;
				DEBUG_INFORMATION_FORMAT = dwarf;
				ENABLE_STRICT_OBJC_MSGSEND = YES;
				ENABLE_TESTABILITY = YES;
				GCC_C_LANGUAGE_STANDARD = gnu11;
				GCC_DYNAMIC_NO_PIC = NO;
				GCC_NO_COMMON_BLOCKS = YES;
				GCC_OPTIMIZATION_LEVEL = 0;
				GCC_PREPROCESSOR_DEFINITIONS = (
					"DEBUG=1",
					"$(inherited)",
				);
				GCC_WARN_64_TO_32_BIT_CONVERSION = YES;
				GCC_WARN_ABOUT_RETURN_TYPE = YES_ERROR;
				GCC_WARN_UNDECLARED_SELECTOR = YES;
				GCC_WARN_UNINITIALIZED_AUTOS = YES_AGGRESSIVE;
				GCC_WARN_UNUSED_FUNCTION = YES;
				GCC_WARN_UNUSED_VARIABLE = YES;
				MACOSX_DEPLOYMENT_TARGET = 11.3;
				MTL_ENABLE_DEBUG_INFO = INCLUDE_SOURCE;
				MTL_FAST_MATH = YES;
				ONLY_ACTIVE_ARCH = YES;
				SDKROOT = macosx;
				SWIFT_ACTIVE_COMPILATION_CONDITIONS = DEBUG;
				SWIFT_OPTIMIZATION_LEVEL = "-Onone";
			};
			name = Debug;
		};
		A99249802673A6CC00573097 /* Release */ = {
			isa = XCBuildConfiguration;
			buildSettings = {
				ALWAYS_SEARCH_USER_PATHS = NO;
				CLANG_ANALYZER_NONNULL = YES;
				CLANG_ANALYZER_NUMBER_OBJECT_CONVERSION = YES_AGGRESSIVE;
				CLANG_CXX_LANGUAGE_STANDARD = "gnu++14";
				CLANG_CXX_LIBRARY = "libc++";
				CLANG_ENABLE_MODULES = YES;
				CLANG_ENABLE_OBJC_ARC = YES;
				CLANG_ENABLE_OBJC_WEAK = YES;
				CLANG_WARN_BLOCK_CAPTURE_AUTORELEASING = YES;
				CLANG_WARN_BOOL_CONVERSION = YES;
				CLANG_WARN_COMMA = YES;
				CLANG_WARN_CONSTANT_CONVERSION = YES;
				CLANG_WARN_DEPRECATED_OBJC_IMPLEMENTATIONS = YES;
				CLANG_WARN_DIRECT_OBJC_ISA_USAGE = YES_ERROR;
				CLANG_WARN_DOCUMENTATION_COMMENTS = YES;
				CLANG_WARN_EMPTY_BODY = YES;
				CLANG_WARN_ENUM_CONVERSION = YES;
				CLANG_WARN_INFINITE_RECURSION = YES;
				CLANG_WARN_INT_CONVERSION = YES;
				CLANG_WARN_NON_LITERAL_NULL_CONVERSION = YES;
				CLANG_WARN_OBJC_IMPLICIT_RETAIN_SELF = YES;
				CLANG_WARN_OBJC_LITERAL_CONVERSION = YES;
				CLANG_WARN_OBJC_ROOT_CLASS = YES_ERROR;
				CLANG_WARN_QUOTED_INCLUDE_IN_FRAMEWORK_HEADER = YES;
				CLANG_WARN_RANGE_LOOP_ANALYSIS = YES;
				CLANG_WARN_STRICT_PROTOTYPES = YES;
				CLANG_WARN_SUSPICIOUS_MOVE = YES;
				CLANG_WARN_UNGUARDED_AVAILABILITY = YES_AGGRESSIVE;
				CLANG_WARN_UNREACHABLE_CODE = YES;
				CLANG_WARN__DUPLICATE_METHOD_MATCH = YES;
				COPY_PHASE_STRIP = NO;
				DEBUG_INFORMATION_FORMAT = "dwarf-with-dsym";
				ENABLE_NS_ASSERTIONS = NO;
				ENABLE_STRICT_OBJC_MSGSEND = YES;
				GCC_C_LANGUAGE_STANDARD = gnu11;
				GCC_NO_COMMON_BLOCKS = YES;
				GCC_WARN_64_TO_32_BIT_CONVERSION = YES;
				GCC_WARN_ABOUT_RETURN_TYPE = YES_ERROR;
				GCC_WARN_UNDECLARED_SELECTOR = YES;
				GCC_WARN_UNINITIALIZED_AUTOS = YES_AGGRESSIVE;
				GCC_WARN_UNUSED_FUNCTION = YES;
				GCC_WARN_UNUSED_VARIABLE = YES;
				MACOSX_DEPLOYMENT_TARGET = 11.3;
				MTL_ENABLE_DEBUG_INFO = NO;
				MTL_FAST_MATH = YES;
				SDKROOT = macosx;
				SWIFT_COMPILATION_MODE = wholemodule;
				SWIFT_OPTIMIZATION_LEVEL = "-O";
			};
			name = Release;
		};
		A99249822673A6CC00573097 /* Debug */ = {
			isa = XCBuildConfiguration;
			buildSettings = {
				ASSETCATALOG_COMPILER_APPICON_NAME = AppIcon;
				ASSETCATALOG_COMPILER_GLOBAL_ACCENT_COLOR_NAME = AccentColor;
				CLANG_CXX_LANGUAGE_STANDARD = "c++20";
				CODE_SIGN_ENTITLEMENTS = GamePad/GamePad.entitlements;
				"CODE_SIGN_IDENTITY[sdk=macosx*]" = "Apple Development";
				CODE_SIGN_STYLE = Automatic;
				COMBINE_HIDPI_IMAGES = YES;
				DEVELOPMENT_ASSET_PATHS = "\"GamePad/Preview Content\"";
				DEVELOPMENT_TEAM = CTFP6EH8GL;
				ENABLE_HARDENED_RUNTIME = YES;
				ENABLE_PREVIEWS = YES;
				INFOPLIST_FILE = GamePad/Info.plist;
				INFOPLIST_KEY_LSApplicationCategoryType = "public.app-category.utilities";
				LD_RUNPATH_SEARCH_PATHS = (
					"$(inherited)",
					"@executable_path/../Frameworks",
				);
				MACOSX_DEPLOYMENT_TARGET = 13.0;
				PRODUCT_BUNDLE_IDENTIFIER = luceo.GamePad;
				PRODUCT_NAME = "$(TARGET_NAME)";
				SWIFT_VERSION = 5.0;
			};
			name = Debug;
		};
		A99249832673A6CC00573097 /* Release */ = {
			isa = XCBuildConfiguration;
			buildSettings = {
				ASSETCATALOG_COMPILER_APPICON_NAME = AppIcon;
				ASSETCATALOG_COMPILER_GLOBAL_ACCENT_COLOR_NAME = AccentColor;
				CLANG_CXX_LANGUAGE_STANDARD = "c++20";
				CODE_SIGN_ENTITLEMENTS = GamePad/GamePad.entitlements;
				"CODE_SIGN_IDENTITY[sdk=macosx*]" = "Apple Development";
				CODE_SIGN_STYLE = Automatic;
				COMBINE_HIDPI_IMAGES = YES;
				DEVELOPMENT_ASSET_PATHS = "\"GamePad/Preview Content\"";
				DEVELOPMENT_TEAM = CTFP6EH8GL;
				ENABLE_HARDENED_RUNTIME = YES;
				ENABLE_PREVIEWS = YES;
				INFOPLIST_FILE = GamePad/Info.plist;
				INFOPLIST_KEY_LSApplicationCategoryType = "public.app-category.utilities";
				LD_RUNPATH_SEARCH_PATHS = (
					"$(inherited)",
					"@executable_path/../Frameworks",
				);
				MACOSX_DEPLOYMENT_TARGET = 13.0;
				PRODUCT_BUNDLE_IDENTIFIER = luceo.GamePad;
				PRODUCT_NAME = "$(TARGET_NAME)";
				SWIFT_VERSION = 5.0;
			};
			name = Release;
		};
		A99249852673A6CC00573097 /* Debug */ = {
			isa = XCBuildConfiguration;
			buildSettings = {
				ALWAYS_EMBED_SWIFT_STANDARD_LIBRARIES = YES;
				BUNDLE_LOADER = "$(TEST_HOST)";
				CODE_SIGN_STYLE = Automatic;
				COMBINE_HIDPI_IMAGES = YES;
				DEVELOPMENT_TEAM = CTFP6EH8GL;
				INFOPLIST_FILE = GamePadTests/Info.plist;
				LD_RUNPATH_SEARCH_PATHS = (
					"$(inherited)",
					"@executable_path/../Frameworks",
					"@loader_path/../Frameworks",
				);
				MACOSX_DEPLOYMENT_TARGET = 13.0;
				PRODUCT_BUNDLE_IDENTIFIER = luceo.GamePadTests;
				PRODUCT_NAME = "$(TARGET_NAME)";
				SWIFT_VERSION = 5.0;
				TEST_HOST = "$(BUILT_PRODUCTS_DIR)/GamePad.app/Contents/MacOS/GamePad";
			};
			name = Debug;
		};
		A99249862673A6CC00573097 /* Release */ = {
			isa = XCBuildConfiguration;
			buildSettings = {
				ALWAYS_EMBED_SWIFT_STANDARD_LIBRARIES = YES;
				BUNDLE_LOADER = "$(TEST_HOST)";
				CODE_SIGN_STYLE = Automatic;
				COMBINE_HIDPI_IMAGES = YES;
				DEVELOPMENT_TEAM = CTFP6EH8GL;
				INFOPLIST_FILE = GamePadTests/Info.plist;
				LD_RUNPATH_SEARCH_PATHS = (
					"$(inherited)",
					"@executable_path/../Frameworks",
					"@loader_path/../Frameworks",
				);
				MACOSX_DEPLOYMENT_TARGET = 13.0;
				PRODUCT_BUNDLE_IDENTIFIER = luceo.GamePadTests;
				PRODUCT_NAME = "$(TARGET_NAME)";
				SWIFT_VERSION = 5.0;
				TEST_HOST = "$(BUILT_PRODUCTS_DIR)/GamePad.app/Contents/MacOS/GamePad";
			};
			name = Release;
		};
		A99249882673A6CC00573097 /* Debug */ = {
			isa = XCBuildConfiguration;
			buildSettings = {
				ALWAYS_EMBED_SWIFT_STANDARD_LIBRARIES = YES;
				CODE_SIGN_STYLE = Automatic;
				COMBINE_HIDPI_IMAGES = YES;
				DEVELOPMENT_TEAM = CTFP6EH8GL;
				INFOPLIST_FILE = GamePadUITests/Info.plist;
				LD_RUNPATH_SEARCH_PATHS = (
					"$(inherited)",
					"@executable_path/../Frameworks",
					"@loader_path/../Frameworks",
				);
				MACOSX_DEPLOYMENT_TARGET = 13.0;
				PRODUCT_BUNDLE_IDENTIFIER = luceo.GamePadUITests;
				PRODUCT_NAME = "$(TARGET_NAME)";
				SWIFT_VERSION = 5.0;
				TEST_TARGET_NAME = GamePad;
			};
			name = Debug;
		};
		A99249892673A6CC00573097 /* Release */ = {
			isa = XCBuildConfiguration;
			buildSettings = {
				ALWAYS_EMBED_SWIFT_STANDARD_LIBRARIES = YES;
				CODE_SIGN_STYLE = Automatic;
				COMBINE_HIDPI_IMAGES = YES;
				DEVELOPMENT_TEAM = CTFP6EH8GL;
				INFOPLIST_FILE = GamePadUITests/Info.plist;
				LD_RUNPATH_SEARCH_PATHS = (
					"$(inherited)",
					"@executable_path/../Frameworks",
					"@loader_path/../Frameworks",
				);
				MACOSX_DEPLOYMENT_TARGET = 13.0;
				PRODUCT_BUNDLE_IDENTIFIER = luceo.GamePadUITests;
				PRODUCT_NAME = "$(TARGET_NAME)";
				SWIFT_VERSION = 5.0;
				TEST_TARGET_NAME = GamePad;
			};
			name = Release;
		};
/* End XCBuildConfiguration section */

/* Begin XCConfigurationList section */
		A99249562673A6CA00573097 /* Build configuration list for PBXProject "GamePad" */ = {
			isa = XCConfigurationList;
			buildConfigurations = (
				A992497F2673A6CC00573097 /* Debug */,
				A99249802673A6CC00573097 /* Release */,
			);
			defaultConfigurationIsVisible = 0;
			defaultConfigurationName = Release;
		};
		A99249812673A6CC00573097 /* Build configuration list for PBXNativeTarget "GamePad" */ = {
			isa = XCConfigurationList;
			buildConfigurations = (
				A99249822673A6CC00573097 /* Debug */,
				A99249832673A6CC00573097 /* Release */,
			);
			defaultConfigurationIsVisible = 0;
			defaultConfigurationName = Release;
		};
		A99249842673A6CC00573097 /* Build configuration list for PBXNativeTarget "GamePadTests" */ = {
			isa = XCConfigurationList;
			buildConfigurations = (
				A99249852673A6CC00573097 /* Debug */,
				A99249862673A6CC00573097 /* Release */,
			);
			defaultConfigurationIsVisible = 0;
			defaultConfigurationName = Release;
		};
		A99249872673A6CC00573097 /* Build configuration list for PBXNativeTarget "GamePadUITests" */ = {
			isa = XCConfigurationList;
			buildConfigurations = (
				A99249882673A6CC00573097 /* Debug */,
				A99249892673A6CC00573097 /* Release */,
			);
			defaultConfigurationIsVisible = 0;
			defaultConfigurationName = Release;
		};
/* End XCConfigurationList section */
	};
	rootObject = A99249532673A6CA00573097 /* Project object */;
}
